// !$*UTF8*$!
{
	archiveVersion = 1;
	classes = {
	};
	objectVersion = 46;
	objects = {

/* Begin PBXBuildFile section */
		1DDD58160DA1D0A300B32029 /* MainMenu.xib in Resources */ = {isa = PBXBuildFile; fileRef = 1DDD58140DA1D0A300B32029 /* MainMenu.xib */; };
		256AC3DA0F4B6AC300CF3369 /* ParVisXAppDelegate.m in Sources */ = {isa = PBXBuildFile; fileRef = 256AC3D90F4B6AC300CF3369 /* ParVisXAppDelegate.m */; };
		43355A6B11F4A6E600E63B87 /* ParVisMT Icon.icns in Resources */ = {isa = PBXBuildFile; fileRef = 43355A6A11F4A6E600E63B87 /* ParVisMT Icon.icns */; };
		4373934E10617F0C00A87C62 /* TrackPadFingersLayer.m in Sources */ = {isa = PBXBuildFile; fileRef = 4373934D10617F0C00A87C62 /* TrackPadFingersLayer.m */; };
		43819EBE1058363500C92BFF /* ParCoordsBackgroundLayer.m in Sources */ = {isa = PBXBuildFile; fileRef = 43819EBD1058363500C92BFF /* ParCoordsBackgroundLayer.m */; };
		43819FB01058829400C92BFF /* TouchInfo.m in Sources */ = {isa = PBXBuildFile; fileRef = 43819FAF1058829400C92BFF /* TouchInfo.m */; };
		4381A01D1058918900C92BFF /* ParCoordsBrushLayer.m in Sources */ = {isa = PBXBuildFile; fileRef = 4381A01C1058918900C92BFF /* ParCoordsBrushLayer.m */; };
		4398ADEF1057FFD500C025AA /* FMDatabase.m in Sources */ = {isa = PBXBuildFile; fileRef = 4398ADEC1057FFD500C025AA /* FMDatabase.m */; };
		4398ADF01057FFD500C025AA /* FMResultSet.m in Sources */ = {isa = PBXBuildFile; fileRef = 4398ADEE1057FFD500C025AA /* FMResultSet.m */; };
		4398ADF31057FFE200C025AA /* ParCoordsView.m in Sources */ = {isa = PBXBuildFile; fileRef = 4398ADF21057FFE200C025AA /* ParCoordsView.m */; };
		4398ADF51057FFF700C025AA /* QuartzCore.framework in Frameworks */ = {isa = PBXBuildFile; fileRef = 4398ADF41057FFF700C025AA /* QuartzCore.framework */; };
		4398ADF71058000B00C025AA /* libsqlite3.dylib in Frameworks */ = {isa = PBXBuildFile; fileRef = 4398ADF61058000B00C025AA /* libsqlite3.dylib */; };
		4398AE2D10581E1900C025AA /* DataSet.m in Sources */ = {isa = PBXBuildFile; fileRef = 4398AE2C10581E1900C025AA /* DataSet.m */; };
		4398AE601058217700C025AA /* DataDimension.m in Sources */ = {isa = PBXBuildFile; fileRef = 4398AE5F1058217700C025AA /* DataDimension.m */; };
		4398AEBB10582C3100C025AA /* data.db in Resources */ = {isa = PBXBuildFile; fileRef = 4398AEBA10582C3100C025AA /* data.db */; };
		43DCC94B105BF61700C8C455 /* TrackPadBgLayer.m in Sources */ = {isa = PBXBuildFile; fileRef = 43DCC94A105BF61700C8C455 /* TrackPadBgLayer.m */; };
		8D11072B0486CEB800E47090 /* InfoPlist.strings in Resources */ = {isa = PBXBuildFile; fileRef = 089C165CFE840E0CC02AAC07 /* InfoPlist.strings */; };
		8D11072D0486CEB800E47090 /* main.m in Sources */ = {isa = PBXBuildFile; fileRef = 29B97316FDCFA39411CA2CEA /* main.m */; settings = {ATTRIBUTES = (); }; };
		8D11072F0486CEB800E47090 /* Cocoa.framework in Frameworks */ = {isa = PBXBuildFile; fileRef = 1058C7A1FEA54F0111CA2CBB /* Cocoa.framework */; };
/* End PBXBuildFile section */

/* Begin PBXFileReference section */
		089C165DFE840E0CC02AAC07 /* English */ = {isa = PBXFileReference; fileEncoding = 4; lastKnownFileType = text.plist.strings; name = English; path = English.lproj/InfoPlist.strings; sourceTree = "<group>"; };
		1058C7A1FEA54F0111CA2CBB /* Cocoa.framework */ = {isa = PBXFileReference; lastKnownFileType = wrapper.framework; name = Cocoa.framework; path = /System/Library/Frameworks/Cocoa.framework; sourceTree = "<absolute>"; };
		13E42FB307B3F0F600E4EEF1 /* CoreData.framework */ = {isa = PBXFileReference; lastKnownFileType = wrapper.framework; name = CoreData.framework; path = /System/Library/Frameworks/CoreData.framework; sourceTree = "<absolute>"; };
		1DDD58150DA1D0A300B32029 /* English */ = {isa = PBXFileReference; lastKnownFileType = file.xib; name = English; path = English.lproj/MainMenu.xib; sourceTree = "<group>"; };
		256AC3D80F4B6AC300CF3369 /* ParVisXAppDelegate.h */ = {isa = PBXFileReference; fileEncoding = 4; lastKnownFileType = sourcecode.c.h; path = ParVisXAppDelegate.h; sourceTree = "<group>"; };
		256AC3D90F4B6AC300CF3369 /* ParVisXAppDelegate.m */ = {isa = PBXFileReference; fileEncoding = 4; lastKnownFileType = sourcecode.c.objc; path = ParVisXAppDelegate.m; sourceTree = "<group>"; };
		256AC3F00F4B6AF500CF3369 /* ParVisMT_Prefix.pch */ = {isa = PBXFileReference; fileEncoding = 4; lastKnownFileType = sourcecode.c.h; path = ParVisMT_Prefix.pch; sourceTree = "<group>"; };
		29B97316FDCFA39411CA2CEA /* main.m */ = {isa = PBXFileReference; fileEncoding = 4; lastKnownFileType = sourcecode.c.objc; path = main.m; sourceTree = "<group>"; };
		29B97324FDCFA39411CA2CEA /* AppKit.framework */ = {isa = PBXFileReference; lastKnownFileType = wrapper.framework; name = AppKit.framework; path = /System/Library/Frameworks/AppKit.framework; sourceTree = "<absolute>"; };
		29B97325FDCFA39411CA2CEA /* Foundation.framework */ = {isa = PBXFileReference; lastKnownFileType = wrapper.framework; name = Foundation.framework; path = /System/Library/Frameworks/Foundation.framework; sourceTree = "<absolute>"; };
		43355A6A11F4A6E600E63B87 /* ParVisMT Icon.icns */ = {isa = PBXFileReference; lastKnownFileType = image.icns; path = "ParVisMT Icon.icns"; sourceTree = "<group>"; };
		4373934C10617F0C00A87C62 /* TrackPadFingersLayer.h */ = {isa = PBXFileReference; fileEncoding = 4; lastKnownFileType = sourcecode.c.h; path = TrackPadFingersLayer.h; sourceTree = "<group>"; };
		4373934D10617F0C00A87C62 /* TrackPadFingersLayer.m */ = {isa = PBXFileReference; fileEncoding = 4; lastKnownFileType = sourcecode.c.objc; path = TrackPadFingersLayer.m; sourceTree = "<group>"; };
		43819EBC1058363500C92BFF /* ParCoordsBackgroundLayer.h */ = {isa = PBXFileReference; fileEncoding = 4; lastKnownFileType = sourcecode.c.h; path = ParCoordsBackgroundLayer.h; sourceTree = "<group>"; };
		43819EBD1058363500C92BFF /* ParCoordsBackgroundLayer.m */ = {isa = PBXFileReference; fileEncoding = 4; lastKnownFileType = sourcecode.c.objc; path = ParCoordsBackgroundLayer.m; sourceTree = "<group>"; };
		43819FAE1058829400C92BFF /* TouchInfo.h */ = {isa = PBXFileReference; fileEncoding = 4; lastKnownFileType = sourcecode.c.h; path = TouchInfo.h; sourceTree = "<group>"; };
		43819FAF1058829400C92BFF /* TouchInfo.m */ = {isa = PBXFileReference; fileEncoding = 4; lastKnownFileType = sourcecode.c.objc; path = TouchInfo.m; sourceTree = "<group>"; };
		4381A01B1058918900C92BFF /* ParCoordsBrushLayer.h */ = {isa = PBXFileReference; fileEncoding = 4; lastKnownFileType = sourcecode.c.h; path = ParCoordsBrushLayer.h; sourceTree = "<group>"; };
		4381A01C1058918900C92BFF /* ParCoordsBrushLayer.m */ = {isa = PBXFileReference; fileEncoding = 4; lastKnownFileType = sourcecode.c.objc; path = ParCoordsBrushLayer.m; sourceTree = "<group>"; };
		4398ADEB1057FFD500C025AA /* FMDatabase.h */ = {isa = PBXFileReference; fileEncoding = 4; lastKnownFileType = sourcecode.c.h; path = FMDatabase.h; sourceTree = "<group>"; };
		4398ADEC1057FFD500C025AA /* FMDatabase.m */ = {isa = PBXFileReference; fileEncoding = 4; lastKnownFileType = sourcecode.c.objc; path = FMDatabase.m; sourceTree = "<group>"; };
		4398ADED1057FFD500C025AA /* FMResultSet.h */ = {isa = PBXFileReference; fileEncoding = 4; lastKnownFileType = sourcecode.c.h; path = FMResultSet.h; sourceTree = "<group>"; };
		4398ADEE1057FFD500C025AA /* FMResultSet.m */ = {isa = PBXFileReference; fileEncoding = 4; lastKnownFileType = sourcecode.c.objc; path = FMResultSet.m; sourceTree = "<group>"; };
		4398ADF11057FFE200C025AA /* ParCoordsView.h */ = {isa = PBXFileReference; fileEncoding = 4; lastKnownFileType = sourcecode.c.h; path = ParCoordsView.h; sourceTree = "<group>"; };
		4398ADF21057FFE200C025AA /* ParCoordsView.m */ = {isa = PBXFileReference; fileEncoding = 4; lastKnownFileType = sourcecode.c.objc; path = ParCoordsView.m; sourceTree = "<group>"; };
		4398ADF41057FFF700C025AA /* QuartzCore.framework */ = {isa = PBXFileReference; lastKnownFileType = wrapper.framework; name = QuartzCore.framework; path = /System/Library/Frameworks/QuartzCore.framework; sourceTree = "<absolute>"; };
		4398ADF61058000B00C025AA /* libsqlite3.dylib */ = {isa = PBXFileReference; lastKnownFileType = "compiled.mach-o.dylib"; name = libsqlite3.dylib; path = /usr/lib/libsqlite3.dylib; sourceTree = "<absolute>"; };
		4398AE2B10581E1900C025AA /* DataSet.h */ = {isa = PBXFileReference; fileEncoding = 4; lastKnownFileType = sourcecode.c.h; path = DataSet.h; sourceTree = "<group>"; };
		4398AE2C10581E1900C025AA /* DataSet.m */ = {isa = PBXFileReference; fileEncoding = 4; lastKnownFileType = sourcecode.c.objc; path = DataSet.m; sourceTree = "<group>"; };
		4398AE5E1058217700C025AA /* DataDimension.h */ = {isa = PBXFileReference; fileEncoding = 4; lastKnownFileType = sourcecode.c.h; path = DataDimension.h; sourceTree = "<group>"; };
		4398AE5F1058217700C025AA /* DataDimension.m */ = {isa = PBXFileReference; fileEncoding = 4; lastKnownFileType = sourcecode.c.objc; path = DataDimension.m; sourceTree = "<group>"; };
		4398AEBA10582C3100C025AA /* data.db */ = {isa = PBXFileReference; lastKnownFileType = file; path = data.db; sourceTree = "<group>"; };
		43DCC949105BF61700C8C455 /* TrackPadBgLayer.h */ = {isa = PBXFileReference; fileEncoding = 4; lastKnownFileType = sourcecode.c.h; path = TrackPadBgLayer.h; sourceTree = "<group>"; };
		43DCC94A105BF61700C8C455 /* TrackPadBgLayer.m */ = {isa = PBXFileReference; fileEncoding = 4; lastKnownFileType = sourcecode.c.objc; path = TrackPadBgLayer.m; sourceTree = "<group>"; };
		8D1107310486CEB800E47090 /* ParVisMT-Info.plist */ = {isa = PBXFileReference; fileEncoding = 4; lastKnownFileType = text.plist.xml; path = "ParVisMT-Info.plist"; sourceTree = "<group>"; };
		8D1107320486CEB800E47090 /* ParVisMT.app */ = {isa = PBXFileReference; explicitFileType = wrapper.application; includeInIndex = 0; path = ParVisMT.app; sourceTree = BUILT_PRODUCTS_DIR; };
/* End PBXFileReference section */

/* Begin PBXFrameworksBuildPhase section */
		8D11072E0486CEB800E47090 /* Frameworks */ = {
			isa = PBXFrameworksBuildPhase;
			buildActionMask = 2147483647;
			files = (
				8D11072F0486CEB800E47090 /* Cocoa.framework in Frameworks */,
				4398ADF51057FFF700C025AA /* QuartzCore.framework in Frameworks */,
				4398ADF71058000B00C025AA /* libsqlite3.dylib in Frameworks */,
			);
			runOnlyForDeploymentPostprocessing = 0;
		};
/* End PBXFrameworksBuildPhase section */

/* Begin PBXGroup section */
		080E96DDFE201D6D7F000001 /* Classes */ = {
			isa = PBXGroup;
			children = (
				4398AE2710581DD000C025AA /* Data */,
				4398AE201058009D00C025AA /* Visualization */,
				4398ADEA1057FFC900C025AA /* FMDB */,
				256AC3D80F4B6AC300CF3369 /* ParVisXAppDelegate.h */,
				256AC3D90F4B6AC300CF3369 /* ParVisXAppDelegate.m */,
			);
			name = Classes;
			sourceTree = "<group>";
		};
		1058C7A0FEA54F0111CA2CBB /* Linked Frameworks */ = {
			isa = PBXGroup;
			children = (
				1058C7A1FEA54F0111CA2CBB /* Cocoa.framework */,
			);
			name = "Linked Frameworks";
			sourceTree = "<group>";
		};
		1058C7A2FEA54F0111CA2CBB /* Other Frameworks */ = {
			isa = PBXGroup;
			children = (
				29B97324FDCFA39411CA2CEA /* AppKit.framework */,
				13E42FB307B3F0F600E4EEF1 /* CoreData.framework */,
				29B97325FDCFA39411CA2CEA /* Foundation.framework */,
			);
			name = "Other Frameworks";
			sourceTree = "<group>";
		};
		19C28FACFE9D520D11CA2CBB /* Products */ = {
			isa = PBXGroup;
			children = (
				8D1107320486CEB800E47090 /* ParVisMT.app */,
			);
			name = Products;
			sourceTree = "<group>";
		};
		29B97314FDCFA39411CA2CEA /* ParVisX */ = {
			isa = PBXGroup;
			children = (
				080E96DDFE201D6D7F000001 /* Classes */,
				29B97315FDCFA39411CA2CEA /* Other Sources */,
				29B97317FDCFA39411CA2CEA /* Resources */,
				29B97323FDCFA39411CA2CEA /* Frameworks */,
				19C28FACFE9D520D11CA2CBB /* Products */,
			);
			name = ParVisX;
			sourceTree = "<group>";
		};
		29B97315FDCFA39411CA2CEA /* Other Sources */ = {
			isa = PBXGroup;
			children = (
				256AC3F00F4B6AF500CF3369 /* ParVisMT_Prefix.pch */,
				29B97316FDCFA39411CA2CEA /* main.m */,
			);
			name = "Other Sources";
			sourceTree = "<group>";
		};
		29B97317FDCFA39411CA2CEA /* Resources */ = {
			isa = PBXGroup;
			children = (
				4398AEBA10582C3100C025AA /* data.db */,
				8D1107310486CEB800E47090 /* ParVisMT-Info.plist */,
				089C165CFE840E0CC02AAC07 /* InfoPlist.strings */,
				1DDD58140DA1D0A300B32029 /* MainMenu.xib */,
				43355A6A11F4A6E600E63B87 /* ParVisMT Icon.icns */,
			);
			name = Resources;
			sourceTree = "<group>";
		};
		29B97323FDCFA39411CA2CEA /* Frameworks */ = {
			isa = PBXGroup;
			children = (
				1058C7A0FEA54F0111CA2CBB /* Linked Frameworks */,
				1058C7A2FEA54F0111CA2CBB /* Other Frameworks */,
				4398ADF41057FFF700C025AA /* QuartzCore.framework */,
				4398ADF61058000B00C025AA /* libsqlite3.dylib */,
			);
			name = Frameworks;
			sourceTree = "<group>";
		};
		4398ADEA1057FFC900C025AA /* FMDB */ = {
			isa = PBXGroup;
			children = (
				4398ADEB1057FFD500C025AA /* FMDatabase.h */,
				4398ADEC1057FFD500C025AA /* FMDatabase.m */,
				4398ADED1057FFD500C025AA /* FMResultSet.h */,
				4398ADEE1057FFD500C025AA /* FMResultSet.m */,
			);
			name = FMDB;
			sourceTree = "<group>";
		};
		4398AE201058009D00C025AA /* Visualization */ = {
			isa = PBXGroup;
			children = (
				4398ADF11057FFE200C025AA /* ParCoordsView.h */,
				4398ADF21057FFE200C025AA /* ParCoordsView.m */,
				43819EBC1058363500C92BFF /* ParCoordsBackgroundLayer.h */,
				43819EBD1058363500C92BFF /* ParCoordsBackgroundLayer.m */,
				4381A01B1058918900C92BFF /* ParCoordsBrushLayer.h */,
				4381A01C1058918900C92BFF /* ParCoordsBrushLayer.m */,
				43819FAE1058829400C92BFF /* TouchInfo.h */,
				43819FAF1058829400C92BFF /* TouchInfo.m */,
				43DCC949105BF61700C8C455 /* TrackPadBgLayer.h */,
				43DCC94A105BF61700C8C455 /* TrackPadBgLayer.m */,
				4373934C10617F0C00A87C62 /* TrackPadFingersLayer.h */,
				4373934D10617F0C00A87C62 /* TrackPadFingersLayer.m */,
			);
			name = Visualization;
			sourceTree = "<group>";
		};
		4398AE2710581DD000C025AA /* Data */ = {
			isa = PBXGroup;
			children = (
				4398AE2B10581E1900C025AA /* DataSet.h */,
				4398AE2C10581E1900C025AA /* DataSet.m */,
				4398AE5E1058217700C025AA /* DataDimension.h */,
				4398AE5F1058217700C025AA /* DataDimension.m */,
			);
			name = Data;
			sourceTree = "<group>";
		};
/* End PBXGroup section */

/* Begin PBXNativeTarget section */
		8D1107260486CEB800E47090 /* ParVisMT */ = {
			isa = PBXNativeTarget;
			buildConfigurationList = C01FCF4A08A954540054247B /* Build configuration list for PBXNativeTarget "ParVisMT" */;
			buildPhases = (
				8D1107290486CEB800E47090 /* Resources */,
				8D11072C0486CEB800E47090 /* Sources */,
				8D11072E0486CEB800E47090 /* Frameworks */,
			);
			buildRules = (
			);
			dependencies = (
			);
			name = ParVisMT;
			productInstallPath = "$(HOME)/Applications";
			productName = ParVisX;
			productReference = 8D1107320486CEB800E47090 /* ParVisMT.app */;
			productType = "com.apple.product-type.application";
		};
/* End PBXNativeTarget section */

/* Begin PBXProject section */
		29B97313FDCFA39411CA2CEA /* Project object */ = {
			isa = PBXProject;
			attributes = {
				ORGANIZATIONNAME = "UNC Charlotte";
			};
			buildConfigurationList = C01FCF4E08A954540054247B /* Build configuration list for PBXProject "ParVisMT" */;
			compatibilityVersion = "Xcode 3.2";
			hasScannedForEncodings = 1;
			mainGroup = 29B97314FDCFA39411CA2CEA /* ParVisX */;
			projectDirPath = "";
			projectRoot = "";
			targets = (
				8D1107260486CEB800E47090 /* ParVisMT */,
			);
		};
/* End PBXProject section */

/* Begin PBXResourcesBuildPhase section */
		8D1107290486CEB800E47090 /* Resources */ = {
			isa = PBXResourcesBuildPhase;
			buildActionMask = 2147483647;
			files = (
				8D11072B0486CEB800E47090 /* InfoPlist.strings in Resources */,
				1DDD58160DA1D0A300B32029 /* MainMenu.xib in Resources */,
				4398AEBB10582C3100C025AA /* data.db in Resources */,
				43355A6B11F4A6E600E63B87 /* ParVisMT Icon.icns in Resources */,
			);
			runOnlyForDeploymentPostprocessing = 0;
		};
/* End PBXResourcesBuildPhase section */

/* Begin PBXSourcesBuildPhase section */
		8D11072C0486CEB800E47090 /* Sources */ = {
			isa = PBXSourcesBuildPhase;
			buildActionMask = 2147483647;
			files = (
				8D11072D0486CEB800E47090 /* main.m in Sources */,
				256AC3DA0F4B6AC300CF3369 /* ParVisXAppDelegate.m in Sources */,
				4398ADEF1057FFD500C025AA /* FMDatabase.m in Sources */,
				4398ADF01057FFD500C025AA /* FMResultSet.m in Sources */,
				4398ADF31057FFE200C025AA /* ParCoordsView.m in Sources */,
				4398AE2D10581E1900C025AA /* DataSet.m in Sources */,
				4398AE601058217700C025AA /* DataDimension.m in Sources */,
				43819EBE1058363500C92BFF /* ParCoordsBackgroundLayer.m in Sources */,
				43819FB01058829400C92BFF /* TouchInfo.m in Sources */,
				4381A01D1058918900C92BFF /* ParCoordsBrushLayer.m in Sources */,
				43DCC94B105BF61700C8C455 /* TrackPadBgLayer.m in Sources */,
				4373934E10617F0C00A87C62 /* TrackPadFingersLayer.m in Sources */,
			);
			runOnlyForDeploymentPostprocessing = 0;
		};
/* End PBXSourcesBuildPhase section */

/* Begin PBXVariantGroup section */
		089C165CFE840E0CC02AAC07 /* InfoPlist.strings */ = {
			isa = PBXVariantGroup;
			children = (
				089C165DFE840E0CC02AAC07 /* English */,
			);
			name = InfoPlist.strings;
			sourceTree = "<group>";
		};
		1DDD58140DA1D0A300B32029 /* MainMenu.xib */ = {
			isa = PBXVariantGroup;
			children = (
				1DDD58150DA1D0A300B32029 /* English */,
			);
			name = MainMenu.xib;
			sourceTree = "<group>";
		};
/* End PBXVariantGroup section */

/* Begin XCBuildConfiguration section */
		C01FCF4B08A954540054247B /* Debug */ = {
			isa = XCBuildConfiguration;
			buildSettings = {
				ALWAYS_SEARCH_USER_PATHS = NO;
				COPY_PHASE_STRIP = NO;
				GCC_DYNAMIC_NO_PIC = NO;
				GCC_ENABLE_FIX_AND_CONTINUE = YES;
				GCC_MODEL_TUNING = G5;
				GCC_OPTIMIZATION_LEVEL = 0;
				GCC_PRECOMPILE_PREFIX_HEADER = YES;
				GCC_PREFIX_HEADER = ParVisMT_Prefix.pch;
				INFOPLIST_FILE = "ParVisMT-Info.plist";
				INSTALL_PATH = "$(HOME)/Applications";
				PRODUCT_NAME = ParVisMT;
			};
			name = Debug;
		};
		C01FCF4C08A954540054247B /* Release */ = {
			isa = XCBuildConfiguration;
			buildSettings = {
				ALWAYS_SEARCH_USER_PATHS = NO;
				DEBUG_INFORMATION_FORMAT = "dwarf-with-dsym";
				GCC_MODEL_TUNING = G5;
				GCC_PRECOMPILE_PREFIX_HEADER = YES;
				GCC_PREFIX_HEADER = ParVisMT_Prefix.pch;
				INFOPLIST_FILE = "ParVisMT-Info.plist";
				INSTALL_PATH = "$(HOME)/Applications";
				PRODUCT_NAME = ParVisMT;
			};
			name = Release;
		};
		C01FCF4F08A954540054247B /* Debug */ = {
			isa = XCBuildConfiguration;
			buildSettings = {
				ARCHS = "$(ARCHS_STANDARD_32_64_BIT)";
				GCC_C_LANGUAGE_STANDARD = gnu99;
				GCC_OPTIMIZATION_LEVEL = 0;
				GCC_VERSION = com.apple.compilers.llvm.clang.1_0;
				GCC_WARN_ABOUT_RETURN_TYPE = YES;
				GCC_WARN_UNUSED_VARIABLE = YES;
				ONLY_ACTIVE_ARCH = YES;
				PREBINDING = NO;
				PRODUCT_NAME = "ParVis X";
				SDKROOT = macosx10.6;
			};
			name = Debug;
		};
		C01FCF5008A954540054247B /* Release */ = {
			isa = XCBuildConfiguration;
			buildSettings = {
				ARCHS = "$(ARCHS_STANDARD_32_64_BIT)";
				GCC_C_LANGUAGE_STANDARD = gnu99;
				GCC_VERSION = com.apple.compilers.llvm.clang.1_0;
				GCC_WARN_ABOUT_RETURN_TYPE = YES;
				GCC_WARN_UNUSED_VARIABLE = YES;
				PREBINDING = NO;
				PRODUCT_NAME = "ParVis X";
				SDKROOT = macosx10.6;
			};
			name = Release;
		};
/* End XCBuildConfiguration section */

/* Begin XCConfigurationList section */
		C01FCF4A08A954540054247B /* Build configuration list for PBXNativeTarget "ParVisMT" */ = {
			isa = XCConfigurationList;
			buildConfigurations = (
				C01FCF4B08A954540054247B /* Debug */,
				C01FCF4C08A954540054247B /* Release */,
			);
			defaultConfigurationIsVisible = 0;
			defaultConfigurationName = Release;
		};
		C01FCF4E08A954540054247B /* Build configuration list for PBXProject "ParVisMT" */ = {
			isa = XCConfigurationList;
			buildConfigurations = (
				C01FCF4F08A954540054247B /* Debug */,
				C01FCF5008A954540054247B /* Release */,
			);
			defaultConfigurationIsVisible = 0;
			defaultConfigurationName = Release;
		};
/* End XCConfigurationList section */
	};
	rootObject = 29B97313FDCFA39411CA2CEA /* Project object */;
}
